
Microsoft Visual Studio Solution File, Format Version 10.00
# Visual Studio 2008
# SharpDevelop 4.3
Project("{FAE04EC0-301F-11D3-BF4B-00C04F79EFBC}") = "WLA", "WLA.csproj", "{0215BE9E-354F-4AAE-BA2B-C9DF7CD1145B}"
EndProject
Global
	GlobalSection(SolutionConfigurationPlatforms) = preSolution
		Debug|Any CPU = Debug|Any CPU
		Release|Any CPU = Release|Any CPU
	EndGlobalSection
	GlobalSection(ProjectConfigurationPlatforms) = postSolution
		{0215BE9E-354F-4AAE-BA2B-C9DF7CD1145B}.Debug|Any CPU.Build.0 = Debug|Any CPU
		{0215BE9E-354F-4AAE-BA2B-C9DF7CD1145B}.Debug|Any CPU.ActiveCfg = Debug|Any CPU
		{0215BE9E-354F-4AAE-BA2B-C9DF7CD1145B}.Release|Any CPU.Build.0 = Release|Any CPU
		{0215BE9E-354F-4AAE-BA2B-C9DF7CD1145B}.Release|Any CPU.ActiveCfg = Release|Any CPU
	EndGlobalSection
EndGlobal
